{
  "lockfileVersion": 1,
  "workspaces": {
    "": {
      "name": "hardcore-my-core-bot",
      "dependencies": {
        "@core/client-lib": "file:/core/client_lib/",
      },
    },
  },
  "packages": {
    "@core/client-lib": ["@core/client-lib@file:../../client_lib", { "dependencies": { "@types/node": "^20.11.0" } }],

    "@types/node": ["@types/node@20.19.33", "", { "dependencies": { "undici-types": "~6.21.0" } }, "sha512-Rs1bVAIdBs5gbTIKza/tgpMuG1k3U/UMJLWecIMxNdJFDMzcM5LOiLVRYh3PilWEYDIeUDv7bpiHPLPsbydGcw=="],

    "undici-types": ["undici-types@6.21.0", "", {}, "sha512-iwDZqg0QAGrg9Rav5H4n0M64c3mkR59cJ6wQp+7C4nI0gsmExaedaYLNO44eT4AtBBwjbTiGPMlt2Md0T9H9JQ=="],
  }
}
